dependencies:
- name: common
  repository: oci://registry-1.docker.io/bitnamicharts
  version: 2.13.3
- name: keycloakx
  repository: https://codecentric.github.io/helm-charts
  version: 2.2.2
- name: keycloak-config-cli
  repository: git+https://github.com/didx-xyz/keycloak-config-cli@contrib/charts?ref=init-containers&sparse=0
  version: 5.8.1-SNAPSHOT
digest: sha256:5005b9a70b9666d8cafe2e2a5d87eb135ce43c78693f3ebdd04c2a8814e37ecd
generated: "2023-11-10T16:21:18.435932+02:00"
